
Microsoft Visual Studio Solution File, Format Version 12.00
# Visual Studio 15
VisualStudioVersion = 15.0.28307.1340
MinimumVisualStudioVersion = 10.0.40219.1
Project("{159641D6-6404-4A2A-AE62-294DE0FE8301}") = "SSIS_PckgDeployment", "SSIS_PckgDeployment\SSIS_PckgDeployment.dtproj", "{2B7DFC3F-EC7A-44DB-AD9C-D0D7C203459F}"
EndProject
Global
	GlobalSection(SolutionConfigurationPlatforms) = preSolution
		Azure|Default = Azure|Default
		Development|Default = Development|Default
	EndGlobalSection
	GlobalSection(ProjectConfigurationPlatforms) = postSolution
		{2B7DFC3F-EC7A-44DB-AD9C-D0D7C203459F}.Azure|Default.ActiveCfg = Azure
		{2B7DFC3F-EC7A-44DB-AD9C-D0D7C203459F}.Azure|Default.Build.0 = Azure
		{2B7DFC3F-EC7A-44DB-AD9C-D0D7C203459F}.Development|Default.ActiveCfg = Development
		{2B7DFC3F-EC7A-44DB-AD9C-D0D7C203459F}.Development|Default.Build.0 = Development
	EndGlobalSection
	GlobalSection(SolutionProperties) = preSolution
		HideSolutionNode = FALSE
	EndGlobalSection
	GlobalSection(ExtensibilityGlobals) = postSolution
		SolutionGuid = {55BBD0E3-6E9A-4B25-B17A-EC34D1385C7F}
	EndGlobalSection
EndGlobal
